
Microsoft Visual Studio Solution File, Format Version 12.00
# Visual Studio Version 17
VisualStudioVersion = 17.3.32929.385
MinimumVisualStudioVersion = 10.0.40219.1
Project("{FAE04EC0-301F-11D3-BF4B-00C04F79EFBC}") = "Module3HW7", "Module3HW7\Module3HW7.csproj", "{39832283-2969-4CF2-B057-871BA4CFA541}"
EndProject
Global
	GlobalSection(SolutionConfigurationPlatforms) = preSolution
		Debug|Any CPU = Debug|Any CPU
		Release|Any CPU = Release|Any CPU
	EndGlobalSection
	GlobalSection(ProjectConfigurationPlatforms) = postSolution
		{39832283-2969-4CF2-B057-871BA4CFA541}.Debug|Any CPU.ActiveCfg = Debug|Any CPU
		{39832283-2969-4CF2-B057-871BA4CFA541}.Debug|Any CPU.Build.0 = Debug|Any CPU
		{39832283-2969-4CF2-B057-871BA4CFA541}.Release|Any CPU.ActiveCfg = Release|Any CPU
		{39832283-2969-4CF2-B057-871BA4CFA541}.Release|Any CPU.Build.0 = Release|Any CPU
	EndGlobalSection
	GlobalSection(SolutionProperties) = preSolution
		HideSolutionNode = FALSE
	EndGlobalSection
	GlobalSection(ExtensibilityGlobals) = postSolution
		SolutionGuid = {9E9891B1-17ED-4C5F-A47E-9BB0C55E9312}
	EndGlobalSection
EndGlobal
